lockfileVersion: '9.0'

settings:
  autoInstallPeers: true
  excludeLinksFromLockfile: false

importers:

  .:
    dependencies:
      '@iconify-json/lucide':
        specifier: ^1.2.79
        version: 1.2.79

packages:

  '@iconify-json/lucide@1.2.79':
    resolution: {integrity: sha512-CcwoXfC2Y7UVW0PXopmXtB4Do/eUJkhAqQqOnVENEiw3FwU707TK4uyIUqdo9tlvBaFBl95wnJf3smqsTnSyKA==}

  '@iconify/types@2.0.0':
    resolution: {integrity: sha512-+wluvCrRhXrhyOmRDJ3q8mux9JkKy5SJ/v8ol2tu4FVjyYvtEzkc/3pK15ET6RKg4b4w4BmTk1+gsCUhf21Ykg==}

snapshots:

  '@iconify-json/lucide@1.2.79':
    dependencies:
      '@iconify/types': 2.0.0

  '@iconify/types@2.0.0': {}
